
Microsoft Visual Studio Solution File, Format Version 12.00
# Visual Studio Version 17
VisualStudioVersion = 17.8.34408.163
MinimumVisualStudioVersion = 10.0.40219.1
Project("{FAE04EC0-301F-11D3-BF4B-00C04F79EFBC}") = "SignupForm", "SignupForm.csproj", "{75E398DF-D25F-4B40-8718-C233B27228F3}"
EndProject
Global
	GlobalSection(SolutionConfigurationPlatforms) = preSolution
		Debug|Any CPU = Debug|Any CPU
		Release|Any CPU = Release|Any CPU
	EndGlobalSection
	GlobalSection(ProjectConfigurationPlatforms) = postSolution
		{75E398DF-D25F-4B40-8718-C233B27228F3}.Debug|Any CPU.ActiveCfg = Debug|Any CPU
		{75E398DF-D25F-4B40-8718-C233B27228F3}.Debug|Any CPU.Build.0 = Debug|Any CPU
		{75E398DF-D25F-4B40-8718-C233B27228F3}.Release|Any CPU.ActiveCfg = Release|Any CPU
		{75E398DF-D25F-4B40-8718-C233B27228F3}.Release|Any CPU.Build.0 = Release|Any CPU
	EndGlobalSection
	GlobalSection(SolutionProperties) = preSolution
		HideSolutionNode = FALSE
	EndGlobalSection
	GlobalSection(ExtensibilityGlobals) = postSolution
		SolutionGuid = {1653E533-DA36-470A-8DE5-FD3D97B4643A}
	EndGlobalSection
EndGlobal
